// !$*UTF8*$!
{
	archiveVersion = 1;
	classes = {
	};
	objectVersion = 48;
	objects = {

/* Begin PBXBuildFile section */
		1ABF40C5AFF1CE0769F04FE3 /* Pods_Baking.framework in Frameworks */ = {isa = PBXBuildFile; fileRef = 4CA5EC62A8859472BF785C10 /* Pods_Baking.framework */; };
		6337079020676D870043E8E2 /* MappingObjects.swift in Sources */ = {isa = PBXBuildFile; fileRef = 6337078F20676D870043E8E2 /* MappingObjects.swift */; };
		633707922067752B0043E8E2 /* RecipeTableViewController.swift in Sources */ = {isa = PBXBuildFile; fileRef = 633707912067752B0043E8E2 /* RecipeTableViewController.swift */; };
		63370794206775830043E8E2 /* NetworkUtil.swift in Sources */ = {isa = PBXBuildFile; fileRef = 63370793206775830043E8E2 /* NetworkUtil.swift */; };
		6337079620679B430043E8E2 /* RecipeCell.swift in Sources */ = {isa = PBXBuildFile; fileRef = 6337079520679B430043E8E2 /* RecipeCell.swift */; };
		638884B52067679800AD7564 /* AppDelegate.swift in Sources */ = {isa = PBXBuildFile; fileRef = 638884B42067679800AD7564 /* AppDelegate.swift */; };
		638884BA2067679800AD7564 /* Main.storyboard in Resources */ = {isa = PBXBuildFile; fileRef = 638884B82067679800AD7564 /* Main.storyboard */; };
		638884BC2067679800AD7564 /* Assets.xcassets in Resources */ = {isa = PBXBuildFile; fileRef = 638884BB2067679800AD7564 /* Assets.xcassets */; };
		638884BF2067679800AD7564 /* LaunchScreen.storyboard in Resources */ = {isa = PBXBuildFile; fileRef = 638884BD2067679800AD7564 /* LaunchScreen.storyboard */; };
/* End PBXBuildFile section */

/* Begin PBXFileReference section */
		4CA5EC62A8859472BF785C10 /* Pods_Baking.framework */ = {isa = PBXFileReference; explicitFileType = wrapper.framework; includeInIndex = 0; path = Pods_Baking.framework; sourceTree = BUILT_PRODUCTS_DIR; };
		6337078F20676D870043E8E2 /* MappingObjects.swift */ = {isa = PBXFileReference; lastKnownFileType = sourcecode.swift; path = MappingObjects.swift; sourceTree = "<group>"; };
		633707912067752B0043E8E2 /* RecipeTableViewController.swift */ = {isa = PBXFileReference; lastKnownFileType = sourcecode.swift; path = RecipeTableViewController.swift; sourceTree = "<group>"; };
		63370793206775830043E8E2 /* NetworkUtil.swift */ = {isa = PBXFileReference; lastKnownFileType = sourcecode.swift; path = NetworkUtil.swift; sourceTree = "<group>"; };
		6337079520679B430043E8E2 /* RecipeCell.swift */ = {isa = PBXFileReference; lastKnownFileType = sourcecode.swift; path = RecipeCell.swift; sourceTree = "<group>"; };
		638884B12067679800AD7564 /* Baking.app */ = {isa = PBXFileReference; explicitFileType = wrapper.application; includeInIndex = 0; path = Baking.app; sourceTree = BUILT_PRODUCTS_DIR; };
		638884B42067679800AD7564 /* AppDelegate.swift */ = {isa = PBXFileReference; lastKnownFileType = sourcecode.swift; path = AppDelegate.swift; sourceTree = "<group>"; };
		638884B92067679800AD7564 /* Base */ = {isa = PBXFileReference; lastKnownFileType = file.storyboard; name = Base; path = Base.lproj/Main.storyboard; sourceTree = "<group>"; };
		638884BB2067679800AD7564 /* Assets.xcassets */ = {isa = PBXFileReference; lastKnownFileType = folder.assetcatalog; path = Assets.xcassets; sourceTree = "<group>"; };
		638884BE2067679800AD7564 /* Base */ = {isa = PBXFileReference; lastKnownFileType = file.storyboard; name = Base; path = Base.lproj/LaunchScreen.storyboard; sourceTree = "<group>"; };
		638884C02067679800AD7564 /* Info.plist */ = {isa = PBXFileReference; lastKnownFileType = text.plist.xml; path = Info.plist; sourceTree = "<group>"; };
		6634315BFAED8D927B84B189 /* Pods-Baking.debug.xcconfig */ = {isa = PBXFileReference; includeInIndex = 1; lastKnownFileType = text.xcconfig; name = "Pods-Baking.debug.xcconfig"; path = "Pods/Target Support Files/Pods-Baking/Pods-Baking.debug.xcconfig"; sourceTree = "<group>"; };
		72D361D2DC7B238F4A5F3E51 /* Pods-Baking.release.xcconfig */ = {isa = PBXFileReference; includeInIndex = 1; lastKnownFileType = text.xcconfig; name = "Pods-Baking.release.xcconfig"; path = "Pods/Target Support Files/Pods-Baking/Pods-Baking.release.xcconfig"; sourceTree = "<group>"; };
/* End PBXFileReference section */

/* Begin PBXFrameworksBuildPhase section */
		638884AE2067679800AD7564 /* Frameworks */ = {
			isa = PBXFrameworksBuildPhase;
			buildActionMask = 2147483647;
			files = (
				1ABF40C5AFF1CE0769F04FE3 /* Pods_Baking.framework in Frameworks */,
			);
			runOnlyForDeploymentPostprocessing = 0;
		};
/* End PBXFrameworksBuildPhase section */

/* Begin PBXGroup section */
		638884A82067679800AD7564 = {
			isa = PBXGroup;
			children = (
				638884B32067679800AD7564 /* Baking */,
				638884B22067679800AD7564 /* Products */,
				CD5D13A50BA052B211ABF06D /* Pods */,
				B6A2BFF613D3A501E748AF7F /* Frameworks */,
			);
			sourceTree = "<group>";
		};
		638884B22067679800AD7564 /* Products */ = {
			isa = PBXGroup;
			children = (
				638884B12067679800AD7564 /* Baking.app */,
			);
			name = Products;
			sourceTree = "<group>";
		};
		638884B32067679800AD7564 /* Baking */ = {
			isa = PBXGroup;
			children = (
				638884B42067679800AD7564 /* AppDelegate.swift */,
				638884B82067679800AD7564 /* Main.storyboard */,
				63370793206775830043E8E2 /* NetworkUtil.swift */,
				633707912067752B0043E8E2 /* RecipeTableViewController.swift */,
				638884BB2067679800AD7564 /* Assets.xcassets */,
				638884BD2067679800AD7564 /* LaunchScreen.storyboard */,
				638884C02067679800AD7564 /* Info.plist */,
				6337078F20676D870043E8E2 /* MappingObjects.swift */,
				6337079520679B430043E8E2 /* RecipeCell.swift */,
			);
			path = Baking;
			sourceTree = "<group>";
		};
		B6A2BFF613D3A501E748AF7F /* Frameworks */ = {
			isa = PBXGroup;
			children = (
				4CA5EC62A8859472BF785C10 /* Pods_Baking.framework */,
			);
			name = Frameworks;
			sourceTree = "<group>";
		};
		CD5D13A50BA052B211ABF06D /* Pods */ = {
			isa = PBXGroup;
			children = (
				6634315BFAED8D927B84B189 /* Pods-Baking.debug.xcconfig */,
				72D361D2DC7B238F4A5F3E51 /* Pods-Baking.release.xcconfig */,
			);
			name = Pods;
			sourceTree = "<group>";
		};
/* End PBXGroup section */

/* Begin PBXNativeTarget section */
		638884B02067679800AD7564 /* Baking */ = {
			isa = PBXNativeTarget;
			buildConfigurationList = 638884C32067679800AD7564 /* Build configuration list for PBXNativeTarget "Baking" */;
			buildPhases = (
				B998999532F7B120CE980344 /* [CP] Check Pods Manifest.lock */,
				638884AD2067679800AD7564 /* Sources */,
				638884AE2067679800AD7564 /* Frameworks */,
				638884AF2067679800AD7564 /* Resources */,
				353BC4BFF1F3313ECCB27B2D /* [CP] Embed Pods Frameworks */,
				4A935291774B93B01B70EAA6 /* [CP] Copy Pods Resources */,
			);
			buildRules = (
			);
			dependencies = (
			);
			name = Baking;
			productName = Baking;
			productReference = 638884B12067679800AD7564 /* Baking.app */;
			productType = "com.apple.product-type.application";
		};
/* End PBXNativeTarget section */

/* Begin PBXProject section */
		638884A92067679800AD7564 /* Project object */ = {
			isa = PBXProject;
			attributes = {
				LastSwiftUpdateCheck = 0920;
				LastUpgradeCheck = 0920;
				ORGANIZATIONNAME = "Peter Pomlett";
				TargetAttributes = {
					638884B02067679800AD7564 = {
						CreatedOnToolsVersion = 9.2;
						ProvisioningStyle = Automatic;
					};
				};
			};
			buildConfigurationList = 638884AC2067679800AD7564 /* Build configuration list for PBXProject "Baking" */;
			compatibilityVersion = "Xcode 8.0";
			developmentRegion = en;
			hasScannedForEncodings = 0;
			knownRegions = (
				en,
				Base,
			);
			mainGroup = 638884A82067679800AD7564;
			productRefGroup = 638884B22067679800AD7564 /* Products */;
			projectDirPath = "";
			projectRoot = "";
			targets = (
				638884B02067679800AD7564 /* Baking */,
			);
		};
/* End PBXProject section */

/* Begin PBXResourcesBuildPhase section */
		638884AF2067679800AD7564 /* Resources */ = {
			isa = PBXResourcesBuildPhase;
			buildActionMask = 2147483647;
			files = (
				638884BF2067679800AD7564 /* LaunchScreen.storyboard in Resources */,
				638884BC2067679800AD7564 /* Assets.xcassets in Resources */,
				638884BA2067679800AD7564 /* Main.storyboard in Resources */,
			);
			runOnlyForDeploymentPostprocessing = 0;
		};
/* End PBXResourcesBuildPhase section */

/* Begin PBXShellScriptBuildPhase section */
		353BC4BFF1F3313ECCB27B2D /* [CP] Embed Pods Frameworks */ = {
			isa = PBXShellScriptBuildPhase;
			buildActionMask = 2147483647;
			files = (
			);
			inputPaths = (
				"${SRCROOT}/Pods/Target Support Files/Pods-Baking/Pods-Baking-frameworks.sh",
				"${BUILT_PRODUCTS_DIR}/ObjectMapper/ObjectMapper.framework",
			);
			name = "[CP] Embed Pods Frameworks";
			outputPaths = (
				"${TARGET_BUILD_DIR}/${FRAMEWORKS_FOLDER_PATH}/ObjectMapper.framework",
			);
			runOnlyForDeploymentPostprocessing = 0;
			shellPath = /bin/sh;
			shellScript = "\"${SRCROOT}/Pods/Target Support Files/Pods-Baking/Pods-Baking-frameworks.sh\"\n";
			showEnvVarsInLog = 0;
		};
		4A935291774B93B01B70EAA6 /* [CP] Copy Pods Resources */ = {
			isa = PBXShellScriptBuildPhase;
			buildActionMask = 2147483647;
			files = (
			);
			inputPaths = (
			);
			name = "[CP] Copy Pods Resources";
			outputPaths = (
			);
			runOnlyForDeploymentPostprocessing = 0;
			shellPath = /bin/sh;
			shellScript = "\"${SRCROOT}/Pods/Target Support Files/Pods-Baking/Pods-Baking-resources.sh\"\n";
			showEnvVarsInLog = 0;
		};
		B998999532F7B120CE980344 /* [CP] Check Pods Manifest.lock */ = {
			isa = PBXShellScriptBuildPhase;
			buildActionMask = 2147483647;
			files = (
			);
			inputPaths = (
				"${PODS_PODFILE_DIR_PATH}/Podfile.lock",
				"${PODS_ROOT}/Manifest.lock",
			);
			name = "[CP] Check Pods Manifest.lock";
			outputPaths = (
				"$(DERIVED_FILE_DIR)/Pods-Baking-checkManifestLockResult.txt",
			);
			runOnlyForDeploymentPostprocessing = 0;
			shellPath = /bin/sh;
			shellScript = "diff \"${PODS_PODFILE_DIR_PATH}/Podfile.lock\" \"${PODS_ROOT}/Manifest.lock\" > /dev/null\nif [ $? != 0 ] ; then\n    # print error to STDERR\n    echo \"error: The sandbox is not in sync with the Podfile.lock. Run 'pod install' or update your CocoaPods installation.\" >&2\n    exit 1\nfi\n# This output is used by Xcode 'outputs' to avoid re-running this script phase.\necho \"SUCCESS\" > \"${SCRIPT_OUTPUT_FILE_0}\"\n";
			showEnvVarsInLog = 0;
		};
/* End PBXShellScriptBuildPhase section */

/* Begin PBXSourcesBuildPhase section */
		638884AD2067679800AD7564 /* Sources */ = {
			isa = PBXSourcesBuildPhase;
			buildActionMask = 2147483647;
			files = (
				63370794206775830043E8E2 /* NetworkUtil.swift in Sources */,
				6337079020676D870043E8E2 /* MappingObjects.swift in Sources */,
				633707922067752B0043E8E2 /* RecipeTableViewController.swift in Sources */,
				6337079620679B430043E8E2 /* RecipeCell.swift in Sources */,
				638884B52067679800AD7564 /* AppDelegate.swift in Sources */,
			);
			runOnlyForDeploymentPostprocessing = 0;
		};
/* End PBXSourcesBuildPhase section */

/* Begin PBXVariantGroup section */
		638884B82067679800AD7564 /* Main.storyboard */ = {
			isa = PBXVariantGroup;
			children = (
				638884B92067679800AD7564 /* Base */,
			);
			name = Main.storyboard;
			sourceTree = "<group>";
		};
		638884BD2067679800AD7564 /* LaunchScreen.storyboard */ = {
			isa = PBXVariantGroup;
			children = (
				638884BE2067679800AD7564 /* Base */,
			);
			name = LaunchScreen.storyboard;
			sourceTree = "<group>";
		};
/* End PBXVariantGroup section */

/* Begin XCBuildConfiguration section */
		638884C12067679800AD7564 /* Debug */ = {
			isa = XCBuildConfiguration;
			buildSettings = {
				ALWAYS_SEARCH_USER_PATHS = NO;
				CLANG_ANALYZER_NONNULL = YES;
				CLANG_ANALYZER_NUMBER_OBJECT_CONVERSION = YES_AGGRESSIVE;
				CLANG_CXX_LANGUAGE_STANDARD = "gnu++14";
				CLANG_CXX_LIBRARY = "libc++";
				CLANG_ENABLE_MODULES = YES;
				CLANG_ENABLE_OBJC_ARC = YES;
				CLANG_WARN_BLOCK_CAPTURE_AUTORELEASING = YES;
				CLANG_WARN_BOOL_CONVERSION = YES;
				CLANG_WARN_COMMA = YES;
				CLANG_WARN_CONSTANT_CONVERSION = YES;
				CLANG_WARN_DIRECT_OBJC_ISA_USAGE = YES_ERROR;
				CLANG_WARN_DOCUMENTATION_COMMENTS = YES;
				CLANG_WARN_EMPTY_BODY = YES;
				CLANG_WARN_ENUM_CONVERSION = YES;
				CLANG_WARN_INFINITE_RECURSION = YES;
				CLANG_WARN_INT_CONVERSION = YES;
				CLANG_WARN_NON_LITERAL_NULL_CONVERSION = YES;
				CLANG_WARN_OBJC_LITERAL_CONVERSION = YES;
				CLANG_WARN_OBJC_ROOT_CLASS = YES_ERROR;
				CLANG_WARN_RANGE_LOOP_ANALYSIS = YES;
				CLANG_WARN_STRICT_PROTOTYPES = YES;
				CLANG_WARN_SUSPICIOUS_MOVE = YES;
				CLANG_WARN_UNGUARDED_AVAILABILITY = YES_AGGRESSIVE;
				CLANG_WARN_UNREACHABLE_CODE = YES;
				CLANG_WARN__DUPLICATE_METHOD_MATCH = YES;
				CODE_SIGN_IDENTITY = "iPhone Developer";
				COPY_PHASE_STRIP = NO;
				DEBUG_INFORMATION_FORMAT = dwarf;
				ENABLE_STRICT_OBJC_MSGSEND = YES;
				ENABLE_TESTABILITY = YES;
				GCC_C_LANGUAGE_STANDARD = gnu11;
				GCC_DYNAMIC_NO_PIC = NO;
				GCC_NO_COMMON_BLOCKS = YES;
				GCC_OPTIMIZATION_LEVEL = 0;
				GCC_PREPROCESSOR_DEFINITIONS = (
					"DEBUG=1",
					"$(inherited)",
				);
				GCC_WARN_64_TO_32_BIT_CONVERSION = YES;
				GCC_WARN_ABOUT_RETURN_TYPE = YES_ERROR;
				GCC_WARN_UNDECLARED_SELECTOR = YES;
				GCC_WARN_UNINITIALIZED_AUTOS = YES_AGGRESSIVE;
				GCC_WARN_UNUSED_FUNCTION = YES;
				GCC_WARN_UNUSED_VARIABLE = YES;
				IPHONEOS_DEPLOYMENT_TARGET = 11.2;
				MTL_ENABLE_DEBUG_INFO = YES;
				ONLY_ACTIVE_ARCH = YES;
				SDKROOT = iphoneos;
				SWIFT_ACTIVE_COMPILATION_CONDITIONS = DEBUG;
				SWIFT_OPTIMIZATION_LEVEL = "-Onone";
			};
			name = Debug;
		};
		638884C22067679800AD7564 /* Release */ = {
			isa = XCBuildConfiguration;
			buildSettings = {
				ALWAYS_SEARCH_USER_PATHS = NO;
				CLANG_ANALYZER_NONNULL = YES;
				CLANG_ANALYZER_NUMBER_OBJECT_CONVERSION = YES_AGGRESSIVE;
				CLANG_CXX_LANGUAGE_STANDARD = "gnu++14";
				CLANG_CXX_LIBRARY = "libc++";
				CLANG_ENABLE_MODULES = YES;
				CLANG_ENABLE_OBJC_ARC = YES;
				CLANG_WARN_BLOCK_CAPTURE_AUTORELEASING = YES;
				CLANG_WARN_BOOL_CONVERSION = YES;
				CLANG_WARN_COMMA = YES;
				CLANG_WARN_CONSTANT_CONVERSION = YES;
				CLANG_WARN_DIRECT_OBJC_ISA_USAGE = YES_ERROR;
				CLANG_WARN_DOCUMENTATION_COMMENTS = YES;
				CLANG_WARN_EMPTY_BODY = YES;
				CLANG_WARN_ENUM_CONVERSION = YES;
				CLANG_WARN_INFINITE_RECURSION = YES;
				CLANG_WARN_INT_CONVERSION = YES;
				CLANG_WARN_NON_LITERAL_NULL_CONVERSION = YES;
				CLANG_WARN_OBJC_LITERAL_CONVERSION = YES;
				CLANG_WARN_OBJC_ROOT_CLASS = YES_ERROR;
				CLANG_WARN_RANGE_LOOP_ANALYSIS = YES;
				CLANG_WARN_STRICT_PROTOTYPES = YES;
				CLANG_WARN_SUSPICIOUS_MOVE = YES;
				CLANG_WARN_UNGUARDED_AVAILABILITY = YES_AGGRESSIVE;
				CLANG_WARN_UNREACHABLE_CODE = YES;
				CLANG_WARN__DUPLICATE_METHOD_MATCH = YES;
				CODE_SIGN_IDENTITY = "iPhone Developer";
				COPY_PHASE_STRIP = NO;
				DEBUG_INFORMATION_FORMAT = "dwarf-with-dsym";
				ENABLE_NS_ASSERTIONS = NO;
				ENABLE_STRICT_OBJC_MSGSEND = YES;
				GCC_C_LANGUAGE_STANDARD = gnu11;
				GCC_NO_COMMON_BLOCKS = YES;
				GCC_WARN_64_TO_32_BIT_CONVERSION = YES;
				GCC_WARN_ABOUT_RETURN_TYPE = YES_ERROR;
				GCC_WARN_UNDECLARED_SELECTOR = YES;
				GCC_WARN_UNINITIALIZED_AUTOS = YES_AGGRESSIVE;
				GCC_WARN_UNUSED_FUNCTION = YES;
				GCC_WARN_UNUSED_VARIABLE = YES;
				IPHONEOS_DEPLOYMENT_TARGET = 11.2;
				MTL_ENABLE_DEBUG_INFO = NO;
				SDKROOT = iphoneos;
				SWIFT_OPTIMIZATION_LEVEL = "-Owholemodule";
				VALIDATE_PRODUCT = YES;
			};
			name = Release;
		};
		638884C42067679800AD7564 /* Debug */ = {
			isa = XCBuildConfiguration;
			baseConfigurationReference = 6634315BFAED8D927B84B189 /* Pods-Baking.debug.xcconfig */;
			buildSettings = {
				ASSETCATALOG_COMPILER_APPICON_NAME = AppIcon;
				CODE_SIGN_STYLE = Automatic;
				DEVELOPMENT_TEAM = Z4YXE63R92;
				INFOPLIST_FILE = Baking/Info.plist;
				LD_RUNPATH_SEARCH_PATHS = "$(inherited) @executable_path/Frameworks";
				PRODUCT_BUNDLE_IDENTIFIER = uk.co.pongosoft.Baking;
				PRODUCT_NAME = "$(TARGET_NAME)";
				SWIFT_VERSION = 4.0;
				TARGETED_DEVICE_FAMILY = "1,2";
			};
			name = Debug;
		};
		638884C52067679800AD7564 /* Release */ = {
			isa = XCBuildConfiguration;
			baseConfigurationReference = 72D361D2DC7B238F4A5F3E51 /* Pods-Baking.release.xcconfig */;
			buildSettings = {
				ASSETCATALOG_COMPILER_APPICON_NAME = AppIcon;
				CODE_SIGN_STYLE = Automatic;
				DEVELOPMENT_TEAM = Z4YXE63R92;
				INFOPLIST_FILE = Baking/Info.plist;
				LD_RUNPATH_SEARCH_PATHS = "$(inherited) @executable_path/Frameworks";
				PRODUCT_BUNDLE_IDENTIFIER = uk.co.pongosoft.Baking;
				PRODUCT_NAME = "$(TARGET_NAME)";
				SWIFT_VERSION = 4.0;
				TARGETED_DEVICE_FAMILY = "1,2";
			};
			name = Release;
		};
/* End XCBuildConfiguration section */

/* Begin XCConfigurationList section */
		638884AC2067679800AD7564 /* Build configuration list for PBXProject "Baking" */ = {
			isa = XCConfigurationList;
			buildConfigurations = (
				638884C12067679800AD7564 /* Debug */,
				638884C22067679800AD7564 /* Release */,
			);
			defaultConfigurationIsVisible = 0;
			defaultConfigurationName = Release;
		};
		638884C32067679800AD7564 /* Build configuration list for PBXNativeTarget "Baking" */ = {
			isa = XCConfigurationList;
			buildConfigurations = (
				638884C42067679800AD7564 /* Debug */,
				638884C52067679800AD7564 /* Release */,
			);
			defaultConfigurationIsVisible = 0;
			defaultConfigurationName = Release;
		};
/* End XCConfigurationList section */
	};
	rootObject = 638884A92067679800AD7564 /* Project object */;
}
